
Microsoft Visual Studio Solution File, Format Version 12.00
# Visual Studio 15
VisualStudioVersion = 15.0.28010.2050
MinimumVisualStudioVersion = 10.0.40219.1
Project("{FAE04EC0-301F-11D3-BF4B-00C04F79EFBC}") = "manageSellProjec", "manageSellProjec\manageSellProjec.csproj", "{3D428F25-D101-4A41-BCFC-55641D9D1998}"
EndProject
Global
	GlobalSection(SolutionConfigurationPlatforms) = preSolution
		Debug|Any CPU = Debug|Any CPU
		Release|Any CPU = Release|Any CPU
	EndGlobalSection
	GlobalSection(ProjectConfigurationPlatforms) = postSolution
		{3D428F25-D101-4A41-BCFC-55641D9D1998}.Debug|Any CPU.ActiveCfg = Debug|Any CPU
		{3D428F25-D101-4A41-BCFC-55641D9D1998}.Debug|Any CPU.Build.0 = Debug|Any CPU
		{3D428F25-D101-4A41-BCFC-55641D9D1998}.Release|Any CPU.ActiveCfg = Release|Any CPU
		{3D428F25-D101-4A41-BCFC-55641D9D1998}.Release|Any CPU.Build.0 = Release|Any CPU
	EndGlobalSection
	GlobalSection(SolutionProperties) = preSolution
		HideSolutionNode = FALSE
	EndGlobalSection
	GlobalSection(ExtensibilityGlobals) = postSolution
		SolutionGuid = {60389EEF-A13F-4901-B06A-0B6F5B93F518}
	EndGlobalSection
EndGlobal
